
Microsoft Visual Studio Solution File, Format Version 12.00
# Visual Studio Version 17
VisualStudioVersion = 17.4.33103.184
MinimumVisualStudioVersion = 10.0.40219.1
Project("{FAE04EC0-301F-11D3-BF4B-00C04F79EFBC}") = "weather-mp", "weather-mp\weather-mp.csproj", "{C924843E-3249-4314-87BD-EBE8CA9D53D9}"
EndProject
Project("{FAE04EC0-301F-11D3-BF4B-00C04F79EFBC}") = "weather.BusinessObjects", "weather.BusinessObjects\weather.BusinessObjects.csproj", "{6556FD58-395D-4143-818B-A66A2FE5E4D9}"
EndProject
Global
	GlobalSection(SolutionConfigurationPlatforms) = preSolution
		Debug|Any CPU = Debug|Any CPU
		Release|Any CPU = Release|Any CPU
	EndGlobalSection
	GlobalSection(ProjectConfigurationPlatforms) = postSolution
		{C924843E-3249-4314-87BD-EBE8CA9D53D9}.Debug|Any CPU.ActiveCfg = Debug|Any CPU
		{C924843E-3249-4314-87BD-EBE8CA9D53D9}.Debug|Any CPU.Build.0 = Debug|Any CPU
		{C924843E-3249-4314-87BD-EBE8CA9D53D9}.Release|Any CPU.ActiveCfg = Release|Any CPU
		{C924843E-3249-4314-87BD-EBE8CA9D53D9}.Release|Any CPU.Build.0 = Release|Any CPU
		{6556FD58-395D-4143-818B-A66A2FE5E4D9}.Debug|Any CPU.ActiveCfg = Debug|Any CPU
		{6556FD58-395D-4143-818B-A66A2FE5E4D9}.Debug|Any CPU.Build.0 = Debug|Any CPU
		{6556FD58-395D-4143-818B-A66A2FE5E4D9}.Release|Any CPU.ActiveCfg = Release|Any CPU
		{6556FD58-395D-4143-818B-A66A2FE5E4D9}.Release|Any CPU.Build.0 = Release|Any CPU
	EndGlobalSection
	GlobalSection(SolutionProperties) = preSolution
		HideSolutionNode = FALSE
	EndGlobalSection
	GlobalSection(ExtensibilityGlobals) = postSolution
		SolutionGuid = {15D6D116-D914-4F93-B90D-CBE70D539AF8}
	EndGlobalSection
EndGlobal
